
Microsoft Visual Studio Solution File, Format Version 12.00
# Visual Studio Version 17
VisualStudioVersion = 17.2.32630.192
MinimumVisualStudioVersion = 10.0.40219.1
Project("{FAE04EC0-301F-11D3-BF4B-00C04F79EFBC}") = "1.DefineanInterfaceIPerson", "1. Define an Interface IPerson\1.DefineanInterfaceIPerson.csproj", "{799F5115-E147-4514-9948-AE7B302664BC}"
EndProject
Global
	GlobalSection(SolutionConfigurationPlatforms) = preSolution
		Debug|Any CPU = Debug|Any CPU
		Release|Any CPU = Release|Any CPU
	EndGlobalSection
	GlobalSection(ProjectConfigurationPlatforms) = postSolution
		{799F5115-E147-4514-9948-AE7B302664BC}.Debug|Any CPU.ActiveCfg = Debug|Any CPU
		{799F5115-E147-4514-9948-AE7B302664BC}.Debug|Any CPU.Build.0 = Debug|Any CPU
		{799F5115-E147-4514-9948-AE7B302664BC}.Release|Any CPU.ActiveCfg = Release|Any CPU
		{799F5115-E147-4514-9948-AE7B302664BC}.Release|Any CPU.Build.0 = Release|Any CPU
	EndGlobalSection
	GlobalSection(SolutionProperties) = preSolution
		HideSolutionNode = FALSE
	EndGlobalSection
	GlobalSection(ExtensibilityGlobals) = postSolution
		SolutionGuid = {8EAAF2C9-98E1-4EAC-9D31-9D4497CC9C46}
	EndGlobalSection
EndGlobal
