
Microsoft Visual Studio Solution File, Format Version 12.00
# Visual Studio Version 17
VisualStudioVersion = 17.2.32630.192
MinimumVisualStudioVersion = 10.0.40219.1
Project("{FAE04EC0-301F-11D3-BF4B-00C04F79EFBC}") = "4. First and Reserve Team", "4. First and Reserve Team\4. First and Reserve Team.csproj", "{901D6244-9AF0-4350-95E6-F866A0046566}"
EndProject
Global
	GlobalSection(SolutionConfigurationPlatforms) = preSolution
		Debug|Any CPU = Debug|Any CPU
		Release|Any CPU = Release|Any CPU
	EndGlobalSection
	GlobalSection(ProjectConfigurationPlatforms) = postSolution
		{901D6244-9AF0-4350-95E6-F866A0046566}.Debug|Any CPU.ActiveCfg = Debug|Any CPU
		{901D6244-9AF0-4350-95E6-F866A0046566}.Debug|Any CPU.Build.0 = Debug|Any CPU
		{901D6244-9AF0-4350-95E6-F866A0046566}.Release|Any CPU.ActiveCfg = Release|Any CPU
		{901D6244-9AF0-4350-95E6-F866A0046566}.Release|Any CPU.Build.0 = Release|Any CPU
	EndGlobalSection
	GlobalSection(SolutionProperties) = preSolution
		HideSolutionNode = FALSE
	EndGlobalSection
	GlobalSection(ExtensibilityGlobals) = postSolution
		SolutionGuid = {D0862097-8F43-4726-B1FE-12DB5BFCB4B2}
	EndGlobalSection
EndGlobal
