
Microsoft Visual Studio Solution File, Format Version 12.00
# Visual Studio Version 17
VisualStudioVersion = 17.2.32630.192
MinimumVisualStudioVersion = 10.0.40219.1
Project("{FAE04EC0-301F-11D3-BF4B-00C04F79EFBC}") = "5. Football Team Generator", "5. Football Team Generator\5. Football Team Generator.csproj", "{CE035608-47BE-4996-9CD2-E73FA38A859B}"
EndProject
Global
	GlobalSection(SolutionConfigurationPlatforms) = preSolution
		Debug|Any CPU = Debug|Any CPU
		Release|Any CPU = Release|Any CPU
	EndGlobalSection
	GlobalSection(ProjectConfigurationPlatforms) = postSolution
		{CE035608-47BE-4996-9CD2-E73FA38A859B}.Debug|Any CPU.ActiveCfg = Debug|Any CPU
		{CE035608-47BE-4996-9CD2-E73FA38A859B}.Debug|Any CPU.Build.0 = Debug|Any CPU
		{CE035608-47BE-4996-9CD2-E73FA38A859B}.Release|Any CPU.ActiveCfg = Release|Any CPU
		{CE035608-47BE-4996-9CD2-E73FA38A859B}.Release|Any CPU.Build.0 = Release|Any CPU
	EndGlobalSection
	GlobalSection(SolutionProperties) = preSolution
		HideSolutionNode = FALSE
	EndGlobalSection
	GlobalSection(ExtensibilityGlobals) = postSolution
		SolutionGuid = {F07356F8-DEA2-4995-A081-0446DD2E467A}
	EndGlobalSection
EndGlobal
