
Microsoft Visual Studio Solution File, Format Version 12.00
# Visual Studio Version 17
VisualStudioVersion = 17.2.32630.192
MinimumVisualStudioVersion = 10.0.40219.1
Project("{FAE04EC0-301F-11D3-BF4B-00C04F79EFBC}") = "3. Shapes", "3. Shapes\3. Shapes.csproj", "{733D9CEF-6B1B-4CD7-95DE-7995F30224DB}"
EndProject
Global
	GlobalSection(SolutionConfigurationPlatforms) = preSolution
		Debug|Any CPU = Debug|Any CPU
		Release|Any CPU = Release|Any CPU
	EndGlobalSection
	GlobalSection(ProjectConfigurationPlatforms) = postSolution
		{733D9CEF-6B1B-4CD7-95DE-7995F30224DB}.Debug|Any CPU.ActiveCfg = Debug|Any CPU
		{733D9CEF-6B1B-4CD7-95DE-7995F30224DB}.Debug|Any CPU.Build.0 = Debug|Any CPU
		{733D9CEF-6B1B-4CD7-95DE-7995F30224DB}.Release|Any CPU.ActiveCfg = Release|Any CPU
		{733D9CEF-6B1B-4CD7-95DE-7995F30224DB}.Release|Any CPU.Build.0 = Release|Any CPU
	EndGlobalSection
	GlobalSection(SolutionProperties) = preSolution
		HideSolutionNode = FALSE
	EndGlobalSection
	GlobalSection(ExtensibilityGlobals) = postSolution
		SolutionGuid = {BA977436-C586-4D70-B91E-124FE61AAFEB}
	EndGlobalSection
EndGlobal
