
Microsoft Visual Studio Solution File, Format Version 12.00
# Visual Studio Version 17
VisualStudioVersion = 17.2.32630.192
MinimumVisualStudioVersion = 10.0.40219.1
Project("{FAE04EC0-301F-11D3-BF4B-00C04F79EFBC}") = "01. Person", "01. Person\01. Person.csproj", "{128E6628-864D-4135-AEB6-3490C27CD010}"
EndProject
Global
	GlobalSection(SolutionConfigurationPlatforms) = preSolution
		Debug|Any CPU = Debug|Any CPU
		Release|Any CPU = Release|Any CPU
	EndGlobalSection
	GlobalSection(ProjectConfigurationPlatforms) = postSolution
		{128E6628-864D-4135-AEB6-3490C27CD010}.Debug|Any CPU.ActiveCfg = Debug|Any CPU
		{128E6628-864D-4135-AEB6-3490C27CD010}.Debug|Any CPU.Build.0 = Debug|Any CPU
		{128E6628-864D-4135-AEB6-3490C27CD010}.Release|Any CPU.ActiveCfg = Release|Any CPU
		{128E6628-864D-4135-AEB6-3490C27CD010}.Release|Any CPU.Build.0 = Release|Any CPU
	EndGlobalSection
	GlobalSection(SolutionProperties) = preSolution
		HideSolutionNode = FALSE
	EndGlobalSection
	GlobalSection(ExtensibilityGlobals) = postSolution
		SolutionGuid = {A8039979-0893-44E1-9127-E95CBB62B5DD}
	EndGlobalSection
EndGlobal
