
Microsoft Visual Studio Solution File, Format Version 12.00
# Visual Studio Version 17
VisualStudioVersion = 17.2.32630.192
MinimumVisualStudioVersion = 10.0.40219.1
Project("{FAE04EC0-301F-11D3-BF4B-00C04F79EFBC}") = "01. Single Inheritance", "01. Single Inheritance\01. Single Inheritance.csproj", "{A03BC9BC-45A8-4E89-B675-242BFCEAAB72}"
EndProject
Global
	GlobalSection(SolutionConfigurationPlatforms) = preSolution
		Debug|Any CPU = Debug|Any CPU
		Release|Any CPU = Release|Any CPU
	EndGlobalSection
	GlobalSection(ProjectConfigurationPlatforms) = postSolution
		{A03BC9BC-45A8-4E89-B675-242BFCEAAB72}.Debug|Any CPU.ActiveCfg = Debug|Any CPU
		{A03BC9BC-45A8-4E89-B675-242BFCEAAB72}.Debug|Any CPU.Build.0 = Debug|Any CPU
		{A03BC9BC-45A8-4E89-B675-242BFCEAAB72}.Release|Any CPU.ActiveCfg = Release|Any CPU
		{A03BC9BC-45A8-4E89-B675-242BFCEAAB72}.Release|Any CPU.Build.0 = Release|Any CPU
	EndGlobalSection
	GlobalSection(SolutionProperties) = preSolution
		HideSolutionNode = FALSE
	EndGlobalSection
	GlobalSection(ExtensibilityGlobals) = postSolution
		SolutionGuid = {0F916672-64FE-49AB-81C2-4279BAAFA765}
	EndGlobalSection
EndGlobal
