
Microsoft Visual Studio Solution File, Format Version 12.00
# Visual Studio Version 17
VisualStudioVersion = 17.2.32630.192
MinimumVisualStudioVersion = 10.0.40219.1
Project("{FAE04EC0-301F-11D3-BF4B-00C04F79EFBC}") = "Promotion", "ConsoleApp1\Promotion.csproj", "{8C7DAA3F-2969-4622-8AA0-4337001DC2A2}"
EndProject
Project("{FAE04EC0-301F-11D3-BF4B-00C04F79EFBC}") = "PromotionsTest", "PromotionsTest\PromotionsTest.csproj", "{892EFDA2-3619-48F1-BD64-F3C7220E1E1E}"
EndProject
Global
	GlobalSection(SolutionConfigurationPlatforms) = preSolution
		Debug|Any CPU = Debug|Any CPU
		Release|Any CPU = Release|Any CPU
	EndGlobalSection
	GlobalSection(ProjectConfigurationPlatforms) = postSolution
		{8C7DAA3F-2969-4622-8AA0-4337001DC2A2}.Debug|Any CPU.ActiveCfg = Debug|Any CPU
		{8C7DAA3F-2969-4622-8AA0-4337001DC2A2}.Debug|Any CPU.Build.0 = Debug|Any CPU
		{8C7DAA3F-2969-4622-8AA0-4337001DC2A2}.Release|Any CPU.ActiveCfg = Release|Any CPU
		{8C7DAA3F-2969-4622-8AA0-4337001DC2A2}.Release|Any CPU.Build.0 = Release|Any CPU
		{892EFDA2-3619-48F1-BD64-F3C7220E1E1E}.Debug|Any CPU.ActiveCfg = Debug|Any CPU
		{892EFDA2-3619-48F1-BD64-F3C7220E1E1E}.Debug|Any CPU.Build.0 = Debug|Any CPU
		{892EFDA2-3619-48F1-BD64-F3C7220E1E1E}.Release|Any CPU.ActiveCfg = Release|Any CPU
		{892EFDA2-3619-48F1-BD64-F3C7220E1E1E}.Release|Any CPU.Build.0 = Release|Any CPU
	EndGlobalSection
	GlobalSection(SolutionProperties) = preSolution
		HideSolutionNode = FALSE
	EndGlobalSection
	GlobalSection(ExtensibilityGlobals) = postSolution
		SolutionGuid = {DED05143-8DDD-425B-A493-49BB89013EAF}
	EndGlobalSection
EndGlobal
