
Microsoft Visual Studio Solution File, Format Version 12.00
# Visual Studio Version 17
VisualStudioVersion = 17.2.32630.192
MinimumVisualStudioVersion = 10.0.40219.1
Project("{FAE04EC0-301F-11D3-BF4B-00C04F79EFBC}") = "Moq", "Moq\Moq.csproj", "{97B78649-DF09-4849-96EB-68D96DA34954}"
EndProject
Global
	GlobalSection(SolutionConfigurationPlatforms) = preSolution
		Debug|Any CPU = Debug|Any CPU
		Release|Any CPU = Release|Any CPU
	EndGlobalSection
	GlobalSection(ProjectConfigurationPlatforms) = postSolution
		{97B78649-DF09-4849-96EB-68D96DA34954}.Debug|Any CPU.ActiveCfg = Debug|Any CPU
		{97B78649-DF09-4849-96EB-68D96DA34954}.Debug|Any CPU.Build.0 = Debug|Any CPU
		{97B78649-DF09-4849-96EB-68D96DA34954}.Release|Any CPU.ActiveCfg = Release|Any CPU
		{97B78649-DF09-4849-96EB-68D96DA34954}.Release|Any CPU.Build.0 = Release|Any CPU
	EndGlobalSection
	GlobalSection(SolutionProperties) = preSolution
		HideSolutionNode = FALSE
	EndGlobalSection
	GlobalSection(ExtensibilityGlobals) = postSolution
		SolutionGuid = {C112739E-8A1D-43C4-BBD3-A614FB24F6AE}
	EndGlobalSection
EndGlobal
