
Microsoft Visual Studio Solution File, Format Version 12.00
# Visual Studio Version 17
VisualStudioVersion = 17.2.32630.192
MinimumVisualStudioVersion = 10.0.40219.1
Project("{FAE04EC0-301F-11D3-BF4B-00C04F79EFBC}") = "2. Animal Farm", "2. Animal Farm\2. Animal Farm.csproj", "{F6BE0DCE-A9D6-49A8-A347-0DA410D35592}"
EndProject
Global
	GlobalSection(SolutionConfigurationPlatforms) = preSolution
		Debug|Any CPU = Debug|Any CPU
		Release|Any CPU = Release|Any CPU
	EndGlobalSection
	GlobalSection(ProjectConfigurationPlatforms) = postSolution
		{F6BE0DCE-A9D6-49A8-A347-0DA410D35592}.Debug|Any CPU.ActiveCfg = Debug|Any CPU
		{F6BE0DCE-A9D6-49A8-A347-0DA410D35592}.Debug|Any CPU.Build.0 = Debug|Any CPU
		{F6BE0DCE-A9D6-49A8-A347-0DA410D35592}.Release|Any CPU.ActiveCfg = Release|Any CPU
		{F6BE0DCE-A9D6-49A8-A347-0DA410D35592}.Release|Any CPU.Build.0 = Release|Any CPU
	EndGlobalSection
	GlobalSection(SolutionProperties) = preSolution
		HideSolutionNode = FALSE
	EndGlobalSection
	GlobalSection(ExtensibilityGlobals) = postSolution
		SolutionGuid = {46FFE5D8-BC93-4CFF-BC12-FE68C57FD3E3}
	EndGlobalSection
EndGlobal
